// !$*UTF8*$!
{
	archiveVersion = 1;
	classes = {
	};
	objectVersion = 46;
	objects = {

/* Begin PBXBuildFile section */
		8088C17C1AD9DB5F00E092C7 /* PatrickHand.ttf in Resources */ = {isa = PBXBuildFile; fileRef = C53F71A51AD9D79E0050FFD3 /* PatrickHand.ttf */; };
		80F9AFD21AD942D100DCE8E0 /* main.m in Sources */ = {isa = PBXBuildFile; fileRef = 80F9AFD11AD942D100DCE8E0 /* main.m */; };
		80F9AFD51AD942D100DCE8E0 /* AppDelegate.m in Sources */ = {isa = PBXBuildFile; fileRef = 80F9AFD41AD942D100DCE8E0 /* AppDelegate.m */; };
		80F9AFD81AD942D100DCE8E0 /* Ruim_de_Roda.xcdatamodeld in Sources */ = {isa = PBXBuildFile; fileRef = 80F9AFD61AD942D100DCE8E0 /* Ruim_de_Roda.xcdatamodeld */; };
		80F9AFDE1AD942D100DCE8E0 /* Main.storyboard in Resources */ = {isa = PBXBuildFile; fileRef = 80F9AFDC1AD942D100DCE8E0 /* Main.storyboard */; };
		80F9AFE01AD942D100DCE8E0 /* Images.xcassets in Resources */ = {isa = PBXBuildFile; fileRef = 80F9AFDF1AD942D100DCE8E0 /* Images.xcassets */; };
		80F9AFE31AD942D100DCE8E0 /* LaunchScreen.xib in Resources */ = {isa = PBXBuildFile; fileRef = 80F9AFE11AD942D100DCE8E0 /* LaunchScreen.xib */; };
		80F9AFEF1AD942D100DCE8E0 /* Ruim_de_RodaTests.m in Sources */ = {isa = PBXBuildFile; fileRef = 80F9AFEE1AD942D100DCE8E0 /* Ruim_de_RodaTests.m */; };
		BF0DE47D1ADBFCC1007E5C4A /* AboutTableViewController.m in Sources */ = {isa = PBXBuildFile; fileRef = BF0DE47C1ADBFCC1007E5C4A /* AboutTableViewController.m */; };
		BF0DE4831ADDE6C6007E5C4A /* Reachability.m in Sources */ = {isa = PBXBuildFile; fileRef = BF0DE4821ADDE6C6007E5C4A /* Reachability.m */; };
		BF25ACD21ADA106700E821E3 /* PlateTableViewCell.m in Sources */ = {isa = PBXBuildFile; fileRef = BF25ACD11ADA106700E821E3 /* PlateTableViewCell.m */; };
		BF25ACD51ADA107B00E821E3 /* PlateViewController.m in Sources */ = {isa = PBXBuildFile; fileRef = BF25ACD41ADA107B00E821E3 /* PlateViewController.m */; };
		BF25ACD81ADA156A00E821E3 /* User.m in Sources */ = {isa = PBXBuildFile; fileRef = BF25ACD71ADA156A00E821E3 /* User.m */; };
		BF25ACDB1ADA157D00E821E3 /* UserManager.m in Sources */ = {isa = PBXBuildFile; fileRef = BF25ACDA1ADA157D00E821E3 /* UserManager.m */; };
		BF25ACDE1ADA261500E821E3 /* Plate.m in Sources */ = {isa = PBXBuildFile; fileRef = BF25ACDD1ADA261500E821E3 /* Plate.m */; };
		BF25ACE11ADA263000E821E3 /* PlateManager.m in Sources */ = {isa = PBXBuildFile; fileRef = BF25ACE01ADA263000E821E3 /* PlateManager.m */; };
		BF25ACE71ADA300700E821E3 /* NewPlateTableViewController.m in Sources */ = {isa = PBXBuildFile; fileRef = BF25ACE61ADA300700E821E3 /* NewPlateTableViewController.m */; };
		BF5F7BEB1ADE8B39008E2E68 /* Inappropriate.m in Sources */ = {isa = PBXBuildFile; fileRef = BF5F7BEA1ADE8B39008E2E68 /* Inappropriate.m */; };
		BFB4144F1AD9692200D2D7BD /* CameraViewController.m in Sources */ = {isa = PBXBuildFile; fileRef = BFB4144E1AD9692200D2D7BD /* CameraViewController.m */; };
		BFB414521AD96F3400D2D7BD /* CameraView.m in Sources */ = {isa = PBXBuildFile; fileRef = BFB414511AD96F3400D2D7BD /* CameraView.m */; };
		BFB414551AD98FDA00D2D7BD /* ReportViewController.m in Sources */ = {isa = PBXBuildFile; fileRef = BFB414541AD98FDA00D2D7BD /* ReportViewController.m */; };
		BFB414571AD997A600D2D7BD /* MapKit.framework in Frameworks */ = {isa = PBXBuildFile; fileRef = BFB414561AD997A600D2D7BD /* MapKit.framework */; };
		BFB4145A1AD9C54100D2D7BD /* CategoryTableViewCell.m in Sources */ = {isa = PBXBuildFile; fileRef = BFB414591AD9C54100D2D7BD /* CategoryTableViewCell.m */; };
		BFB4145D1AD9C5CD00D2D7BD /* CategoryViewController.m in Sources */ = {isa = PBXBuildFile; fileRef = BFB4145C1AD9C5CD00D2D7BD /* CategoryViewController.m */; };
		BFCB0A5C1AD9EA7A00E00A9F /* SearchViewController.m in Sources */ = {isa = PBXBuildFile; fileRef = BFCB0A5B1AD9EA7A00E00A9F /* SearchViewController.m */; };
		BFCB0A5F1AD9EB2F00E00A9F /* SearchTableViewCell.m in Sources */ = {isa = PBXBuildFile; fileRef = BFCB0A5E1AD9EB2F00E00A9F /* SearchTableViewCell.m */; };
		C53F713E1AD9718A0050FFD3 /* CategoryReport.m in Sources */ = {isa = PBXBuildFile; fileRef = C53F713D1AD9718A0050FFD3 /* CategoryReport.m */; };
		C53F71411AD972CA0050FFD3 /* ReportManager.m in Sources */ = {isa = PBXBuildFile; fileRef = C53F71401AD972CA0050FFD3 /* ReportManager.m */; };
		C53F71441AD972E10050FFD3 /* CategoryReportManager.m in Sources */ = {isa = PBXBuildFile; fileRef = C53F71431AD972E10050FFD3 /* CategoryReportManager.m */; };
		C53F71491AD97BEA0050FFD3 /* Parse.framework in Frameworks */ = {isa = PBXBuildFile; fileRef = C53F71481AD97BEA0050FFD3 /* Parse.framework */; };
		C53F714C1AD9A1FA0050FFD3 /* FeedTableViewCell.m in Sources */ = {isa = PBXBuildFile; fileRef = C53F714B1AD9A1FA0050FFD3 /* FeedTableViewCell.m */; };
		C53F714E1AD9A5F70050FFD3 /* Bolts.framework in Frameworks */ = {isa = PBXBuildFile; fileRef = C53F714D1AD9A5F70050FFD3 /* Bolts.framework */; };
		C53F71501AD9A6570050FFD3 /* AudioToolbox.framework in Frameworks */ = {isa = PBXBuildFile; fileRef = C53F714F1AD9A6570050FFD3 /* AudioToolbox.framework */; };
		C53F71521AD9A65B0050FFD3 /* CFNetwork.framework in Frameworks */ = {isa = PBXBuildFile; fileRef = C53F71511AD9A65B0050FFD3 /* CFNetwork.framework */; };
		C53F71541AD9A6610050FFD3 /* CoreGraphics.framework in Frameworks */ = {isa = PBXBuildFile; fileRef = C53F71531AD9A6600050FFD3 /* CoreGraphics.framework */; };
		C53F71561AD9A6680050FFD3 /* CoreLocation.framework in Frameworks */ = {isa = PBXBuildFile; fileRef = C53F71551AD9A6680050FFD3 /* CoreLocation.framework */; };
		C53F71581AD9A6760050FFD3 /* MobileCoreServices.framework in Frameworks */ = {isa = PBXBuildFile; fileRef = C53F71571AD9A6760050FFD3 /* MobileCoreServices.framework */; };
		C53F715A1AD9A67B0050FFD3 /* QuartzCore.framework in Frameworks */ = {isa = PBXBuildFile; fileRef = C53F71591AD9A67B0050FFD3 /* QuartzCore.framework */; };
		C53F715C1AD9A6800050FFD3 /* Security.framework in Frameworks */ = {isa = PBXBuildFile; fileRef = C53F715B1AD9A6800050FFD3 /* Security.framework */; };
		C53F715E1AD9A6830050FFD3 /* StoreKit.framework in Frameworks */ = {isa = PBXBuildFile; fileRef = C53F715D1AD9A6830050FFD3 /* StoreKit.framework */; };
		C53F71601AD9A68B0050FFD3 /* SystemConfiguration.framework in Frameworks */ = {isa = PBXBuildFile; fileRef = C53F715F1AD9A68B0050FFD3 /* SystemConfiguration.framework */; };
		C53F71621AD9A6910050FFD3 /* libz.dylib in Frameworks */ = {isa = PBXBuildFile; fileRef = C53F71611AD9A6910050FFD3 /* libz.dylib */; };
		C53F71641AD9A6980050FFD3 /* libsqlite3.dylib in Frameworks */ = {isa = PBXBuildFile; fileRef = C53F71631AD9A6980050FFD3 /* libsqlite3.dylib */; };
		C53F718F1AD9B7BD0050FFD3 /* NSData+ImageContentType.m in Sources */ = {isa = PBXBuildFile; fileRef = C53F71731AD9B7BD0050FFD3 /* NSData+ImageContentType.m */; };
		C53F71901AD9B7BD0050FFD3 /* SDImageCache.m in Sources */ = {isa = PBXBuildFile; fileRef = C53F71751AD9B7BD0050FFD3 /* SDImageCache.m */; };
		C53F71911AD9B7BD0050FFD3 /* SDWebImageCompat.m in Sources */ = {isa = PBXBuildFile; fileRef = C53F71771AD9B7BD0050FFD3 /* SDWebImageCompat.m */; };
		C53F71921AD9B7BD0050FFD3 /* SDWebImageDecoder.m in Sources */ = {isa = PBXBuildFile; fileRef = C53F71791AD9B7BD0050FFD3 /* SDWebImageDecoder.m */; };
		C53F71931AD9B7BD0050FFD3 /* SDWebImageDownloader.m in Sources */ = {isa = PBXBuildFile; fileRef = C53F717B1AD9B7BD0050FFD3 /* SDWebImageDownloader.m */; };
		C53F71941AD9B7BD0050FFD3 /* SDWebImageDownloaderOperation.m in Sources */ = {isa = PBXBuildFile; fileRef = C53F717D1AD9B7BD0050FFD3 /* SDWebImageDownloaderOperation.m */; };
		C53F71951AD9B7BD0050FFD3 /* SDWebImageManager.m in Sources */ = {isa = PBXBuildFile; fileRef = C53F717F1AD9B7BD0050FFD3 /* SDWebImageManager.m */; };
		C53F71961AD9B7BD0050FFD3 /* SDWebImagePrefetcher.m in Sources */ = {isa = PBXBuildFile; fileRef = C53F71821AD9B7BD0050FFD3 /* SDWebImagePrefetcher.m */; };
		C53F71971AD9B7BD0050FFD3 /* UIButton+WebCache.m in Sources */ = {isa = PBXBuildFile; fileRef = C53F71841AD9B7BD0050FFD3 /* UIButton+WebCache.m */; };
		C53F71981AD9B7BD0050FFD3 /* UIImage+GIF.m in Sources */ = {isa = PBXBuildFile; fileRef = C53F71861AD9B7BD0050FFD3 /* UIImage+GIF.m */; };
		C53F71991AD9B7BD0050FFD3 /* UIImage+MultiFormat.m in Sources */ = {isa = PBXBuildFile; fileRef = C53F71881AD9B7BD0050FFD3 /* UIImage+MultiFormat.m */; };
		C53F719A1AD9B7BD0050FFD3 /* UIImageView+HighlightedWebCache.m in Sources */ = {isa = PBXBuildFile; fileRef = C53F718A1AD9B7BD0050FFD3 /* UIImageView+HighlightedWebCache.m */; };
		C53F719B1AD9B7BD0050FFD3 /* UIImageView+WebCache.m in Sources */ = {isa = PBXBuildFile; fileRef = C53F718C1AD9B7BD0050FFD3 /* UIImageView+WebCache.m */; };
		C53F719C1AD9B7BD0050FFD3 /* UIView+WebCacheOperation.m in Sources */ = {isa = PBXBuildFile; fileRef = C53F718E1AD9B7BD0050FFD3 /* UIView+WebCacheOperation.m */; };
		C53F71A41AD9B7C60050FFD3 /* UIImageView+UIActivityIndicatorForSDWebImage.m in Sources */ = {isa = PBXBuildFile; fileRef = C53F71A11AD9B7C60050FFD3 /* UIImageView+UIActivityIndicatorForSDWebImage.m */; };
		C5A0A8D21AD96B0900864136 /* FeedViewController.m in Sources */ = {isa = PBXBuildFile; fileRef = C5A0A8D11AD96B0900864136 /* FeedViewController.m */; };
		C5A0A8D51AD96B3000864136 /* DetailViewController.m in Sources */ = {isa = PBXBuildFile; fileRef = C5A0A8D41AD96B3000864136 /* DetailViewController.m */; };
		C5A0A8D81AD96D8500864136 /* Report.m in Sources */ = {isa = PBXBuildFile; fileRef = C5A0A8D71AD96D8500864136 /* Report.m */; };
		C5B253951ADD41A1001019B5 /* VideoTableViewController.m in Sources */ = {isa = PBXBuildFile; fileRef = C5B253941ADD41A1001019B5 /* VideoTableViewController.m */; };
		C5B6658D1ADA0E77000B419D /* MapAnnotation.m in Sources */ = {isa = PBXBuildFile; fileRef = C5B6658C1ADA0E77000B419D /* MapAnnotation.m */; };
		C5B665901ADA3F22000B419D /* TabBarViewController.m in Sources */ = {isa = PBXBuildFile; fileRef = C5B6658F1ADA3F22000B419D /* TabBarViewController.m */; };
		C5B665931ADA415A000B419D /* PushNotifications.m in Sources */ = {isa = PBXBuildFile; fileRef = C5B665921ADA415A000B419D /* PushNotifications.m */; };
/* End PBXBuildFile section */

/* Begin PBXContainerItemProxy section */
		80F9AFE91AD942D100DCE8E0 /* PBXContainerItemProxy */ = {
			isa = PBXContainerItemProxy;
			containerPortal = 80F9AFC41AD942D100DCE8E0 /* Project object */;
			proxyType = 1;
			remoteGlobalIDString = 80F9AFCB1AD942D100DCE8E0;
			remoteInfo = "Ruim de Roda";
		};
/* End PBXContainerItemProxy section */

/* Begin PBXFileReference section */
		80F9AFCC1AD942D100DCE8E0 /* Ruim de Roda.app */ = {isa = PBXFileReference; explicitFileType = wrapper.application; includeInIndex = 0; path = "Ruim de Roda.app"; sourceTree = BUILT_PRODUCTS_DIR; };
		80F9AFD01AD942D100DCE8E0 /* Info.plist */ = {isa = PBXFileReference; lastKnownFileType = text.plist.xml; path = Info.plist; sourceTree = "<group>"; };
		80F9AFD11AD942D100DCE8E0 /* main.m */ = {isa = PBXFileReference; lastKnownFileType = sourcecode.c.objc; path = main.m; sourceTree = "<group>"; };
		80F9AFD31AD942D100DCE8E0 /* AppDelegate.h */ = {isa = PBXFileReference; lastKnownFileType = sourcecode.c.h; path = AppDelegate.h; sourceTree = "<group>"; };
		80F9AFD41AD942D100DCE8E0 /* AppDelegate.m */ = {isa = PBXFileReference; lastKnownFileType = sourcecode.c.objc; path = AppDelegate.m; sourceTree = "<group>"; };
		80F9AFD71AD942D100DCE8E0 /* Ruim_de_Roda.xcdatamodel */ = {isa = PBXFileReference; lastKnownFileType = wrapper.xcdatamodel; path = Ruim_de_Roda.xcdatamodel; sourceTree = "<group>"; };
		80F9AFDD1AD942D100DCE8E0 /* Base */ = {isa = PBXFileReference; lastKnownFileType = file.storyboard; name = Base; path = Base.lproj/Main.storyboard; sourceTree = "<group>"; };
		80F9AFDF1AD942D100DCE8E0 /* Images.xcassets */ = {isa = PBXFileReference; lastKnownFileType = folder.assetcatalog; path = Images.xcassets; sourceTree = "<group>"; };
		80F9AFE21AD942D100DCE8E0 /* Base */ = {isa = PBXFileReference; lastKnownFileType = file.xib; name = Base; path = Base.lproj/LaunchScreen.xib; sourceTree = "<group>"; };
		80F9AFE81AD942D100DCE8E0 /* Ruim de RodaTests.xctest */ = {isa = PBXFileReference; explicitFileType = wrapper.cfbundle; includeInIndex = 0; path = "Ruim de RodaTests.xctest"; sourceTree = BUILT_PRODUCTS_DIR; };
		80F9AFED1AD942D100DCE8E0 /* Info.plist */ = {isa = PBXFileReference; lastKnownFileType = text.plist.xml; path = Info.plist; sourceTree = "<group>"; };
		80F9AFEE1AD942D100DCE8E0 /* Ruim_de_RodaTests.m */ = {isa = PBXFileReference; lastKnownFileType = sourcecode.c.objc; path = Ruim_de_RodaTests.m; sourceTree = "<group>"; };
		BF0DE47B1ADBFCC1007E5C4A /* AboutTableViewController.h */ = {isa = PBXFileReference; fileEncoding = 4; lastKnownFileType = sourcecode.c.h; path = AboutTableViewController.h; sourceTree = "<group>"; };
		BF0DE47C1ADBFCC1007E5C4A /* AboutTableViewController.m */ = {isa = PBXFileReference; fileEncoding = 4; lastKnownFileType = sourcecode.c.objc; path = AboutTableViewController.m; sourceTree = "<group>"; };
		BF0DE4811ADDE6C6007E5C4A /* Reachability.h */ = {isa = PBXFileReference; fileEncoding = 4; lastKnownFileType = sourcecode.c.h; path = Reachability.h; sourceTree = "<group>"; };
		BF0DE4821ADDE6C6007E5C4A /* Reachability.m */ = {isa = PBXFileReference; fileEncoding = 4; lastKnownFileType = sourcecode.c.objc; path = Reachability.m; sourceTree = "<group>"; };
		BF25ACD01ADA106700E821E3 /* PlateTableViewCell.h */ = {isa = PBXFileReference; fileEncoding = 4; lastKnownFileType = sourcecode.c.h; path = PlateTableViewCell.h; sourceTree = "<group>"; };
		BF25ACD11ADA106700E821E3 /* PlateTableViewCell.m */ = {isa = PBXFileReference; fileEncoding = 4; lastKnownFileType = sourcecode.c.objc; path = PlateTableViewCell.m; sourceTree = "<group>"; };
		BF25ACD31ADA107B00E821E3 /* PlateViewController.h */ = {isa = PBXFileReference; fileEncoding = 4; lastKnownFileType = sourcecode.c.h; path = PlateViewController.h; sourceTree = "<group>"; };
		BF25ACD41ADA107B00E821E3 /* PlateViewController.m */ = {isa = PBXFileReference; fileEncoding = 4; lastKnownFileType = sourcecode.c.objc; path = PlateViewController.m; sourceTree = "<group>"; };
		BF25ACD61ADA156A00E821E3 /* User.h */ = {isa = PBXFileReference; fileEncoding = 4; lastKnownFileType = sourcecode.c.h; path = User.h; sourceTree = "<group>"; };
		BF25ACD71ADA156A00E821E3 /* User.m */ = {isa = PBXFileReference; fileEncoding = 4; lastKnownFileType = sourcecode.c.objc; path = User.m; sourceTree = "<group>"; };
		BF25ACD91ADA157D00E821E3 /* UserManager.h */ = {isa = PBXFileReference; fileEncoding = 4; lastKnownFileType = sourcecode.c.h; path = UserManager.h; sourceTree = "<group>"; };
		BF25ACDA1ADA157D00E821E3 /* UserManager.m */ = {isa = PBXFileReference; fileEncoding = 4; lastKnownFileType = sourcecode.c.objc; path = UserManager.m; sourceTree = "<group>"; };
		BF25ACDC1ADA261500E821E3 /* Plate.h */ = {isa = PBXFileReference; fileEncoding = 4; lastKnownFileType = sourcecode.c.h; path = Plate.h; sourceTree = "<group>"; };
		BF25ACDD1ADA261500E821E3 /* Plate.m */ = {isa = PBXFileReference; fileEncoding = 4; lastKnownFileType = sourcecode.c.objc; path = Plate.m; sourceTree = "<group>"; };
		BF25ACDF1ADA263000E821E3 /* PlateManager.h */ = {isa = PBXFileReference; fileEncoding = 4; lastKnownFileType = sourcecode.c.h; path = PlateManager.h; sourceTree = "<group>"; };
		BF25ACE01ADA263000E821E3 /* PlateManager.m */ = {isa = PBXFileReference; fileEncoding = 4; lastKnownFileType = sourcecode.c.objc; path = PlateManager.m; sourceTree = "<group>"; };
		BF25ACE51ADA300700E821E3 /* NewPlateTableViewController.h */ = {isa = PBXFileReference; fileEncoding = 4; lastKnownFileType = sourcecode.c.h; path = NewPlateTableViewController.h; sourceTree = "<group>"; };
		BF25ACE61ADA300700E821E3 /* NewPlateTableViewController.m */ = {isa = PBXFileReference; fileEncoding = 4; lastKnownFileType = sourcecode.c.objc; path = NewPlateTableViewController.m; sourceTree = "<group>"; };
		BF5F7BE91ADE8B39008E2E68 /* Inappropriate.h */ = {isa = PBXFileReference; fileEncoding = 4; lastKnownFileType = sourcecode.c.h; path = Inappropriate.h; sourceTree = "<group>"; };
		BF5F7BEA1ADE8B39008E2E68 /* Inappropriate.m */ = {isa = PBXFileReference; fileEncoding = 4; lastKnownFileType = sourcecode.c.objc; path = Inappropriate.m; sourceTree = "<group>"; };
		BFB4144D1AD9692200D2D7BD /* CameraViewController.h */ = {isa = PBXFileReference; fileEncoding = 4; lastKnownFileType = sourcecode.c.h; path = CameraViewController.h; sourceTree = "<group>"; };
		BFB4144E1AD9692200D2D7BD /* CameraViewController.m */ = {isa = PBXFileReference; fileEncoding = 4; lastKnownFileType = sourcecode.c.objc; path = CameraViewController.m; sourceTree = "<group>"; };
		BFB414501AD96F3400D2D7BD /* CameraView.h */ = {isa = PBXFileReference; fileEncoding = 4; lastKnownFileType = sourcecode.c.h; path = CameraView.h; sourceTree = "<group>"; };
		BFB414511AD96F3400D2D7BD /* CameraView.m */ = {isa = PBXFileReference; fileEncoding = 4; lastKnownFileType = sourcecode.c.objc; path = CameraView.m; sourceTree = "<group>"; };
		BFB414531AD98FDA00D2D7BD /* ReportViewController.h */ = {isa = PBXFileReference; fileEncoding = 4; lastKnownFileType = sourcecode.c.h; path = ReportViewController.h; sourceTree = "<group>"; };
		BFB414541AD98FDA00D2D7BD /* ReportViewController.m */ = {isa = PBXFileReference; fileEncoding = 4; lastKnownFileType = sourcecode.c.objc; path = ReportViewController.m; sourceTree = "<group>"; };
		BFB414561AD997A600D2D7BD /* MapKit.framework */ = {isa = PBXFileReference; lastKnownFileType = wrapper.framework; name = MapKit.framework; path = System/Library/Frameworks/MapKit.framework; sourceTree = SDKROOT; };
		BFB414581AD9C54100D2D7BD /* CategoryTableViewCell.h */ = {isa = PBXFileReference; fileEncoding = 4; lastKnownFileType = sourcecode.c.h; path = CategoryTableViewCell.h; sourceTree = "<group>"; };
		BFB414591AD9C54100D2D7BD /* CategoryTableViewCell.m */ = {isa = PBXFileReference; fileEncoding = 4; lastKnownFileType = sourcecode.c.objc; path = CategoryTableViewCell.m; sourceTree = "<group>"; };
		BFB4145B1AD9C5CD00D2D7BD /* CategoryViewController.h */ = {isa = PBXFileReference; fileEncoding = 4; lastKnownFileType = sourcecode.c.h; path = CategoryViewController.h; sourceTree = "<group>"; };
		BFB4145C1AD9C5CD00D2D7BD /* CategoryViewController.m */ = {isa = PBXFileReference; fileEncoding = 4; lastKnownFileType = sourcecode.c.objc; path = CategoryViewController.m; sourceTree = "<group>"; };
		BFCB0A5A1AD9EA7A00E00A9F /* SearchViewController.h */ = {isa = PBXFileReference; fileEncoding = 4; lastKnownFileType = sourcecode.c.h; path = SearchViewController.h; sourceTree = "<group>"; };
		BFCB0A5B1AD9EA7A00E00A9F /* SearchViewController.m */ = {isa = PBXFileReference; fileEncoding = 4; lastKnownFileType = sourcecode.c.objc; path = SearchViewController.m; sourceTree = "<group>"; };
		BFCB0A5D1AD9EB2F00E00A9F /* SearchTableViewCell.h */ = {isa = PBXFileReference; fileEncoding = 4; lastKnownFileType = sourcecode.c.h; path = SearchTableViewCell.h; sourceTree = "<group>"; };
		BFCB0A5E1AD9EB2F00E00A9F /* SearchTableViewCell.m */ = {isa = PBXFileReference; fileEncoding = 4; lastKnownFileType = sourcecode.c.objc; path = SearchTableViewCell.m; sourceTree = "<group>"; };
		C53F713C1AD9718A0050FFD3 /* CategoryReport.h */ = {isa = PBXFileReference; fileEncoding = 4; lastKnownFileType = sourcecode.c.h; path = CategoryReport.h; sourceTree = "<group>"; };
		C53F713D1AD9718A0050FFD3 /* CategoryReport.m */ = {isa = PBXFileReference; fileEncoding = 4; lastKnownFileType = sourcecode.c.objc; path = CategoryReport.m; sourceTree = "<group>"; };
		C53F713F1AD972CA0050FFD3 /* ReportManager.h */ = {isa = PBXFileReference; fileEncoding = 4; lastKnownFileType = sourcecode.c.h; path = ReportManager.h; sourceTree = "<group>"; };
		C53F71401AD972CA0050FFD3 /* ReportManager.m */ = {isa = PBXFileReference; fileEncoding = 4; lastKnownFileType = sourcecode.c.objc; path = ReportManager.m; sourceTree = "<group>"; };
		C53F71421AD972E10050FFD3 /* CategoryReportManager.h */ = {isa = PBXFileReference; fileEncoding = 4; lastKnownFileType = sourcecode.c.h; path = CategoryReportManager.h; sourceTree = "<group>"; };
		C53F71431AD972E10050FFD3 /* CategoryReportManager.m */ = {isa = PBXFileReference; fileEncoding = 4; lastKnownFileType = sourcecode.c.objc; path = CategoryReportManager.m; sourceTree = "<group>"; };
		C53F71481AD97BEA0050FFD3 /* Parse.framework */ = {isa = PBXFileReference; lastKnownFileType = wrapper.framework; path = Parse.framework; sourceTree = "<group>"; };
		C53F714A1AD9A1FA0050FFD3 /* FeedTableViewCell.h */ = {isa = PBXFileReference; fileEncoding = 4; lastKnownFileType = sourcecode.c.h; path = FeedTableViewCell.h; sourceTree = "<group>"; };
		C53F714B1AD9A1FA0050FFD3 /* FeedTableViewCell.m */ = {isa = PBXFileReference; fileEncoding = 4; lastKnownFileType = sourcecode.c.objc; path = FeedTableViewCell.m; sourceTree = "<group>"; };
		C53F714D1AD9A5F70050FFD3 /* Bolts.framework */ = {isa = PBXFileReference; lastKnownFileType = wrapper.framework; path = Bolts.framework; sourceTree = "<group>"; };
		C53F714F1AD9A6570050FFD3 /* AudioToolbox.framework */ = {isa = PBXFileReference; lastKnownFileType = wrapper.framework; name = AudioToolbox.framework; path = System/Library/Frameworks/AudioToolbox.framework; sourceTree = SDKROOT; };
		C53F71511AD9A65B0050FFD3 /* CFNetwork.framework */ = {isa = PBXFileReference; lastKnownFileType = wrapper.framework; name = CFNetwork.framework; path = System/Library/Frameworks/CFNetwork.framework; sourceTree = SDKROOT; };
		C53F71531AD9A6600050FFD3 /* CoreGraphics.framework */ = {isa = PBXFileReference; lastKnownFileType = wrapper.framework; name = CoreGraphics.framework; path = System/Library/Frameworks/CoreGraphics.framework; sourceTree = SDKROOT; };
		C53F71551AD9A6680050FFD3 /* CoreLocation.framework */ = {isa = PBXFileReference; lastKnownFileType = wrapper.framework; name = CoreLocation.framework; path = System/Library/Frameworks/CoreLocation.framework; sourceTree = SDKROOT; };
		C53F71571AD9A6760050FFD3 /* MobileCoreServices.framework */ = {isa = PBXFileReference; lastKnownFileType = wrapper.framework; name = MobileCoreServices.framework; path = System/Library/Frameworks/MobileCoreServices.framework; sourceTree = SDKROOT; };
		C53F71591AD9A67B0050FFD3 /* QuartzCore.framework */ = {isa = PBXFileReference; lastKnownFileType = wrapper.framework; name = QuartzCore.framework; path = System/Library/Frameworks/QuartzCore.framework; sourceTree = SDKROOT; };
		C53F715B1AD9A6800050FFD3 /* Security.framework */ = {isa = PBXFileReference; lastKnownFileType = wrapper.framework; name = Security.framework; path = System/Library/Frameworks/Security.framework; sourceTree = SDKROOT; };
		C53F715D1AD9A6830050FFD3 /* StoreKit.framework */ = {isa = PBXFileReference; lastKnownFileType = wrapper.framework; name = StoreKit.framework; path = System/Library/Frameworks/StoreKit.framework; sourceTree = SDKROOT; };
		C53F715F1AD9A68B0050FFD3 /* SystemConfiguration.framework */ = {isa = PBXFileReference; lastKnownFileType = wrapper.framework; name = SystemConfiguration.framework; path = System/Library/Frameworks/SystemConfiguration.framework; sourceTree = SDKROOT; };
		C53F71611AD9A6910050FFD3 /* libz.dylib */ = {isa = PBXFileReference; lastKnownFileType = "compiled.mach-o.dylib"; name = libz.dylib; path = usr/lib/libz.dylib; sourceTree = SDKROOT; };
		C53F71631AD9A6980050FFD3 /* libsqlite3.dylib */ = {isa = PBXFileReference; lastKnownFileType = "compiled.mach-o.dylib"; name = libsqlite3.dylib; path = usr/lib/libsqlite3.dylib; sourceTree = SDKROOT; };
		C53F71721AD9B7BD0050FFD3 /* NSData+ImageContentType.h */ = {isa = PBXFileReference; fileEncoding = 4; lastKnownFileType = sourcecode.c.h; path = "NSData+ImageContentType.h"; sourceTree = "<group>"; };
		C53F71731AD9B7BD0050FFD3 /* NSData+ImageContentType.m */ = {isa = PBXFileReference; fileEncoding = 4; lastKnownFileType = sourcecode.c.objc; path = "NSData+ImageContentType.m"; sourceTree = "<group>"; };
		C53F71741AD9B7BD0050FFD3 /* SDImageCache.h */ = {isa = PBXFileReference; fileEncoding = 4; lastKnownFileType = sourcecode.c.h; path = SDImageCache.h; sourceTree = "<group>"; };
		C53F71751AD9B7BD0050FFD3 /* SDImageCache.m */ = {isa = PBXFileReference; fileEncoding = 4; lastKnownFileType = sourcecode.c.objc; path = SDImageCache.m; sourceTree = "<group>"; };
		C53F71761AD9B7BD0050FFD3 /* SDWebImageCompat.h */ = {isa = PBXFileReference; fileEncoding = 4; lastKnownFileType = sourcecode.c.h; path = SDWebImageCompat.h; sourceTree = "<group>"; };
		C53F71771AD9B7BD0050FFD3 /* SDWebImageCompat.m */ = {isa = PBXFileReference; fileEncoding = 4; lastKnownFileType = sourcecode.c.objc; path = SDWebImageCompat.m; sourceTree = "<group>"; };
		C53F71781AD9B7BD0050FFD3 /* SDWebImageDecoder.h */ = {isa = PBXFileReference; fileEncoding = 4; lastKnownFileType = sourcecode.c.h; path = SDWebImageDecoder.h; sourceTree = "<group>"; };
		C53F71791AD9B7BD0050FFD3 /* SDWebImageDecoder.m */ = {isa = PBXFileReference; fileEncoding = 4; lastKnownFileType = sourcecode.c.objc; path = SDWebImageDecoder.m; sourceTree = "<group>"; };
		C53F717A1AD9B7BD0050FFD3 /* SDWebImageDownloader.h */ = {isa = PBXFileReference; fileEncoding = 4; lastKnownFileType = sourcecode.c.h; path = SDWebImageDownloader.h; sourceTree = "<group>"; };
		C53F717B1AD9B7BD0050FFD3 /* SDWebImageDownloader.m */ = {isa = PBXFileReference; fileEncoding = 4; lastKnownFileType = sourcecode.c.objc; path = SDWebImageDownloader.m; sourceTree = "<group>"; };
		C53F717C1AD9B7BD0050FFD3 /* SDWebImageDownloaderOperation.h */ = {isa = PBXFileReference; fileEncoding = 4; lastKnownFileType = sourcecode.c.h; path = SDWebImageDownloaderOperation.h; sourceTree = "<group>"; };
		C53F717D1AD9B7BD0050FFD3 /* SDWebImageDownloaderOperation.m */ = {isa = PBXFileReference; fileEncoding = 4; lastKnownFileType = sourcecode.c.objc; path = SDWebImageDownloaderOperation.m; sourceTree = "<group>"; };
		C53F717E1AD9B7BD0050FFD3 /* SDWebImageManager.h */ = {isa = PBXFileReference; fileEncoding = 4; lastKnownFileType = sourcecode.c.h; path = SDWebImageManager.h; sourceTree = "<group>"; };
		C53F717F1AD9B7BD0050FFD3 /* SDWebImageManager.m */ = {isa = PBXFileReference; fileEncoding = 4; lastKnownFileType = sourcecode.c.objc; path = SDWebImageManager.m; sourceTree = "<group>"; };
		C53F71801AD9B7BD0050FFD3 /* SDWebImageOperation.h */ = {isa = PBXFileReference; fileEncoding = 4; lastKnownFileType = sourcecode.c.h; path = SDWebImageOperation.h; sourceTree = "<group>"; };
		C53F71811AD9B7BD0050FFD3 /* SDWebImagePrefetcher.h */ = {isa = PBXFileReference; fileEncoding = 4; lastKnownFileType = sourcecode.c.h; path = SDWebImagePrefetcher.h; sourceTree = "<group>"; };
		C53F71821AD9B7BD0050FFD3 /* SDWebImagePrefetcher.m */ = {isa = PBXFileReference; fileEncoding = 4; lastKnownFileType = sourcecode.c.objc; path = SDWebImagePrefetcher.m; sourceTree = "<group>"; };
		C53F71831AD9B7BD0050FFD3 /* UIButton+WebCache.h */ = {isa = PBXFileReference; fileEncoding = 4; lastKnownFileType = sourcecode.c.h; path = "UIButton+WebCache.h"; sourceTree = "<group>"; };
		C53F71841AD9B7BD0050FFD3 /* UIButton+WebCache.m */ = {isa = PBXFileReference; fileEncoding = 4; lastKnownFileType = sourcecode.c.objc; path = "UIButton+WebCache.m"; sourceTree = "<group>"; };
		C53F71851AD9B7BD0050FFD3 /* UIImage+GIF.h */ = {isa = PBXFileReference; fileEncoding = 4; lastKnownFileType = sourcecode.c.h; path = "UIImage+GIF.h"; sourceTree = "<group>"; };
		C53F71861AD9B7BD0050FFD3 /* UIImage+GIF.m */ = {isa = PBXFileReference; fileEncoding = 4; lastKnownFileType = sourcecode.c.objc; path = "UIImage+GIF.m"; sourceTree = "<group>"; };
		C53F71871AD9B7BD0050FFD3 /* UIImage+MultiFormat.h */ = {isa = PBXFileReference; fileEncoding = 4; lastKnownFileType = sourcecode.c.h; path = "UIImage+MultiFormat.h"; sourceTree = "<group>"; };
		C53F71881AD9B7BD0050FFD3 /* UIImage+MultiFormat.m */ = {isa = PBXFileReference; fileEncoding = 4; lastKnownFileType = sourcecode.c.objc; path = "UIImage+MultiFormat.m"; sourceTree = "<group>"; };
		C53F71891AD9B7BD0050FFD3 /* UIImageView+HighlightedWebCache.h */ = {isa = PBXFileReference; fileEncoding = 4; lastKnownFileType = sourcecode.c.h; path = "UIImageView+HighlightedWebCache.h"; sourceTree = "<group>"; };
		C53F718A1AD9B7BD0050FFD3 /* UIImageView+HighlightedWebCache.m */ = {isa = PBXFileReference; fileEncoding = 4; lastKnownFileType = sourcecode.c.objc; path = "UIImageView+HighlightedWebCache.m"; sourceTree = "<group>"; };
		C53F718B1AD9B7BD0050FFD3 /* UIImageView+WebCache.h */ = {isa = PBXFileReference; fileEncoding = 4; lastKnownFileType = sourcecode.c.h; path = "UIImageView+WebCache.h"; sourceTree = "<group>"; };
		C53F718C1AD9B7BD0050FFD3 /* UIImageView+WebCache.m */ = {isa = PBXFileReference; fileEncoding = 4; lastKnownFileType = sourcecode.c.objc; path = "UIImageView+WebCache.m"; sourceTree = "<group>"; };
		C53F718D1AD9B7BD0050FFD3 /* UIView+WebCacheOperation.h */ = {isa = PBXFileReference; fileEncoding = 4; lastKnownFileType = sourcecode.c.h; path = "UIView+WebCacheOperation.h"; sourceTree = "<group>"; };
		C53F718E1AD9B7BD0050FFD3 /* UIView+WebCacheOperation.m */ = {isa = PBXFileReference; fileEncoding = 4; lastKnownFileType = sourcecode.c.objc; path = "UIView+WebCacheOperation.m"; sourceTree = "<group>"; };
		C53F71A01AD9B7C60050FFD3 /* UIImageView+UIActivityIndicatorForSDWebImage.h */ = {isa = PBXFileReference; fileEncoding = 4; lastKnownFileType = sourcecode.c.h; path = "UIImageView+UIActivityIndicatorForSDWebImage.h"; sourceTree = "<group>"; };
		C53F71A11AD9B7C60050FFD3 /* UIImageView+UIActivityIndicatorForSDWebImage.m */ = {isa = PBXFileReference; fileEncoding = 4; lastKnownFileType = sourcecode.c.objc; path = "UIImageView+UIActivityIndicatorForSDWebImage.m"; sourceTree = "<group>"; };
		C53F71A51AD9D79E0050FFD3 /* PatrickHand.ttf */ = {isa = PBXFileReference; lastKnownFileType = file; path = PatrickHand.ttf; sourceTree = "<group>"; };
		C5A0A8D01AD96B0900864136 /* FeedViewController.h */ = {isa = PBXFileReference; fileEncoding = 4; lastKnownFileType = sourcecode.c.h; path = FeedViewController.h; sourceTree = "<group>"; };
		C5A0A8D11AD96B0900864136 /* FeedViewController.m */ = {isa = PBXFileReference; fileEncoding = 4; lastKnownFileType = sourcecode.c.objc; path = FeedViewController.m; sourceTree = "<group>"; };
		C5A0A8D31AD96B3000864136 /* DetailViewController.h */ = {isa = PBXFileReference; fileEncoding = 4; lastKnownFileType = sourcecode.c.h; path = DetailViewController.h; sourceTree = "<group>"; };
		C5A0A8D41AD96B3000864136 /* DetailViewController.m */ = {isa = PBXFileReference; fileEncoding = 4; lastKnownFileType = sourcecode.c.objc; path = DetailViewController.m; sourceTree = "<group>"; };
		C5A0A8D61AD96D8500864136 /* Report.h */ = {isa = PBXFileReference; fileEncoding = 4; lastKnownFileType = sourcecode.c.h; path = Report.h; sourceTree = "<group>"; };
		C5A0A8D71AD96D8500864136 /* Report.m */ = {isa = PBXFileReference; fileEncoding = 4; lastKnownFileType = sourcecode.c.objc; path = Report.m; sourceTree = "<group>"; };
		C5B253931ADD41A1001019B5 /* VideoTableViewController.h */ = {isa = PBXFileReference; fileEncoding = 4; lastKnownFileType = sourcecode.c.h; path = VideoTableViewController.h; sourceTree = "<group>"; };
		C5B253941ADD41A1001019B5 /* VideoTableViewController.m */ = {isa = PBXFileReference; fileEncoding = 4; lastKnownFileType = sourcecode.c.objc; path = VideoTableViewController.m; sourceTree = "<group>"; };
		C5B6658B1ADA0E77000B419D /* MapAnnotation.h */ = {isa = PBXFileReference; fileEncoding = 4; lastKnownFileType = sourcecode.c.h; path = MapAnnotation.h; sourceTree = "<group>"; };
		C5B6658C1ADA0E77000B419D /* MapAnnotation.m */ = {isa = PBXFileReference; fileEncoding = 4; lastKnownFileType = sourcecode.c.objc; path = MapAnnotation.m; sourceTree = "<group>"; };
		C5B6658E1ADA3F22000B419D /* TabBarViewController.h */ = {isa = PBXFileReference; fileEncoding = 4; lastKnownFileType = sourcecode.c.h; path = TabBarViewController.h; sourceTree = "<group>"; };
		C5B6658F1ADA3F22000B419D /* TabBarViewController.m */ = {isa = PBXFileReference; fileEncoding = 4; lastKnownFileType = sourcecode.c.objc; path = TabBarViewController.m; sourceTree = "<group>"; };
		C5B665911ADA4159000B419D /* PushNotifications.h */ = {isa = PBXFileReference; fileEncoding = 4; lastKnownFileType = sourcecode.c.h; path = PushNotifications.h; sourceTree = "<group>"; };
		C5B665921ADA415A000B419D /* PushNotifications.m */ = {isa = PBXFileReference; fileEncoding = 4; lastKnownFileType = sourcecode.c.objc; path = PushNotifications.m; sourceTree = "<group>"; };
/* End PBXFileReference section */

/* Begin PBXFrameworksBuildPhase section */
		80F9AFC91AD942D100DCE8E0 /* Frameworks */ = {
			isa = PBXFrameworksBuildPhase;
			buildActionMask = 2147483647;
			files = (
				C53F71641AD9A6980050FFD3 /* libsqlite3.dylib in Frameworks */,
				C53F71621AD9A6910050FFD3 /* libz.dylib in Frameworks */,
				C53F71601AD9A68B0050FFD3 /* SystemConfiguration.framework in Frameworks */,
				C53F715E1AD9A6830050FFD3 /* StoreKit.framework in Frameworks */,
				C53F715C1AD9A6800050FFD3 /* Security.framework in Frameworks */,
				C53F715A1AD9A67B0050FFD3 /* QuartzCore.framework in Frameworks */,
				C53F71581AD9A6760050FFD3 /* MobileCoreServices.framework in Frameworks */,
				C53F71561AD9A6680050FFD3 /* CoreLocation.framework in Frameworks */,
				C53F71541AD9A6610050FFD3 /* CoreGraphics.framework in Frameworks */,
				C53F71521AD9A65B0050FFD3 /* CFNetwork.framework in Frameworks */,
				C53F71501AD9A6570050FFD3 /* AudioToolbox.framework in Frameworks */,
				C53F71491AD97BEA0050FFD3 /* Parse.framework in Frameworks */,
				C53F714E1AD9A5F70050FFD3 /* Bolts.framework in Frameworks */,
				BFB414571AD997A600D2D7BD /* MapKit.framework in Frameworks */,
			);
			runOnlyForDeploymentPostprocessing = 0;
		};
		80F9AFE51AD942D100DCE8E0 /* Frameworks */ = {
			isa = PBXFrameworksBuildPhase;
			buildActionMask = 2147483647;
			files = (
			);
			runOnlyForDeploymentPostprocessing = 0;
		};
/* End PBXFrameworksBuildPhase section */

/* Begin PBXGroup section */
		80F9AFC31AD942D100DCE8E0 = {
			isa = PBXGroup;
			children = (
				80F9AFCE1AD942D100DCE8E0 /* Ruim de Roda */,
				80F9AFEB1AD942D100DCE8E0 /* Ruim de RodaTests */,
				80F9AFCD1AD942D100DCE8E0 /* Products */,
				C53F71471AD97BCC0050FFD3 /* Frameworks */,
			);
			sourceTree = "<group>";
		};
		80F9AFCD1AD942D100DCE8E0 /* Products */ = {
			isa = PBXGroup;
			children = (
				80F9AFCC1AD942D100DCE8E0 /* Ruim de Roda.app */,
				80F9AFE81AD942D100DCE8E0 /* Ruim de RodaTests.xctest */,
			);
			name = Products;
			sourceTree = "<group>";
		};
		80F9AFCE1AD942D100DCE8E0 /* Ruim de Roda */ = {
			isa = PBXGroup;
			children = (
				80F9AFD31AD942D100DCE8E0 /* AppDelegate.h */,
				80F9AFD41AD942D100DCE8E0 /* AppDelegate.m */,
				80F9AFDF1AD942D100DCE8E0 /* Images.xcassets */,
				C5A0A8CF1AD9609500864136 /* CoreData */,
				BFB4144A1AD9686A00D2D7BD /* Model */,
				BFB4144B1AD9686F00D2D7BD /* View */,
				BFB4144C1AD9687500D2D7BD /* Controller */,
				80F9AFCF1AD942D100DCE8E0 /* Supporting Files */,
			);
			path = "Ruim de Roda";
			sourceTree = "<group>";
		};
		80F9AFCF1AD942D100DCE8E0 /* Supporting Files */ = {
			isa = PBXGroup;
			children = (
				C53F71A51AD9D79E0050FFD3 /* PatrickHand.ttf */,
				80F9AFD01AD942D100DCE8E0 /* Info.plist */,
				80F9AFD11AD942D100DCE8E0 /* main.m */,
			);
			name = "Supporting Files";
			sourceTree = "<group>";
		};
		80F9AFEB1AD942D100DCE8E0 /* Ruim de RodaTests */ = {
			isa = PBXGroup;
			children = (
				80F9AFEE1AD942D100DCE8E0 /* Ruim_de_RodaTests.m */,
				80F9AFEC1AD942D100DCE8E0 /* Supporting Files */,
			);
			path = "Ruim de RodaTests";
			sourceTree = "<group>";
		};
		80F9AFEC1AD942D100DCE8E0 /* Supporting Files */ = {
			isa = PBXGroup;
			children = (
				80F9AFED1AD942D100DCE8E0 /* Info.plist */,
			);
			name = "Supporting Files";
			sourceTree = "<group>";
		};
		BFB4144A1AD9686A00D2D7BD /* Model */ = {
			isa = PBXGroup;
			children = (
				BF0DE4811ADDE6C6007E5C4A /* Reachability.h */,
				BF0DE4821ADDE6C6007E5C4A /* Reachability.m */,
				BF25ACD61ADA156A00E821E3 /* User.h */,
				BF25ACD71ADA156A00E821E3 /* User.m */,
				BF25ACD91ADA157D00E821E3 /* UserManager.h */,
				BF25ACDA1ADA157D00E821E3 /* UserManager.m */,
				BF25ACDC1ADA261500E821E3 /* Plate.h */,
				BF25ACDD1ADA261500E821E3 /* Plate.m */,
				BF25ACDF1ADA263000E821E3 /* PlateManager.h */,
				BF25ACE01ADA263000E821E3 /* PlateManager.m */,
				C5A0A8D61AD96D8500864136 /* Report.h */,
				C5A0A8D71AD96D8500864136 /* Report.m */,
				C53F713F1AD972CA0050FFD3 /* ReportManager.h */,
				C53F71401AD972CA0050FFD3 /* ReportManager.m */,
				C53F713C1AD9718A0050FFD3 /* CategoryReport.h */,
				C53F713D1AD9718A0050FFD3 /* CategoryReport.m */,
				C53F71421AD972E10050FFD3 /* CategoryReportManager.h */,
				C53F71431AD972E10050FFD3 /* CategoryReportManager.m */,
				BF5F7BE91ADE8B39008E2E68 /* Inappropriate.h */,
				BF5F7BEA1ADE8B39008E2E68 /* Inappropriate.m */,
				C5B6658B1ADA0E77000B419D /* MapAnnotation.h */,
				C5B6658C1ADA0E77000B419D /* MapAnnotation.m */,
				C5B665911ADA4159000B419D /* PushNotifications.h */,
				C5B665921ADA415A000B419D /* PushNotifications.m */,
			);
			name = Model;
			sourceTree = "<group>";
		};
		BFB4144B1AD9686F00D2D7BD /* View */ = {
			isa = PBXGroup;
			children = (
				80F9AFE11AD942D100DCE8E0 /* LaunchScreen.xib */,
				80F9AFDC1AD942D100DCE8E0 /* Main.storyboard */,
			);
			name = View;
			sourceTree = "<group>";
		};
		BFB4144C1AD9687500D2D7BD /* Controller */ = {
			isa = PBXGroup;
			children = (
				BFB4144D1AD9692200D2D7BD /* CameraViewController.h */,
				BFB4144E1AD9692200D2D7BD /* CameraViewController.m */,
				BFB414501AD96F3400D2D7BD /* CameraView.h */,
				BFB414511AD96F3400D2D7BD /* CameraView.m */,
				BFB414531AD98FDA00D2D7BD /* ReportViewController.h */,
				BFB414541AD98FDA00D2D7BD /* ReportViewController.m */,
				BFB4145B1AD9C5CD00D2D7BD /* CategoryViewController.h */,
				BFB4145C1AD9C5CD00D2D7BD /* CategoryViewController.m */,
				BFB414581AD9C54100D2D7BD /* CategoryTableViewCell.h */,
				BFB414591AD9C54100D2D7BD /* CategoryTableViewCell.m */,
				C5A0A8D01AD96B0900864136 /* FeedViewController.h */,
				C5A0A8D11AD96B0900864136 /* FeedViewController.m */,
				C53F714A1AD9A1FA0050FFD3 /* FeedTableViewCell.h */,
				C53F714B1AD9A1FA0050FFD3 /* FeedTableViewCell.m */,
				C5A0A8D31AD96B3000864136 /* DetailViewController.h */,
				C5A0A8D41AD96B3000864136 /* DetailViewController.m */,
				BFCB0A5A1AD9EA7A00E00A9F /* SearchViewController.h */,
				BFCB0A5B1AD9EA7A00E00A9F /* SearchViewController.m */,
				BFCB0A5D1AD9EB2F00E00A9F /* SearchTableViewCell.h */,
				BFCB0A5E1AD9EB2F00E00A9F /* SearchTableViewCell.m */,
				BF25ACD31ADA107B00E821E3 /* PlateViewController.h */,
				BF25ACD41ADA107B00E821E3 /* PlateViewController.m */,
				BF25ACD01ADA106700E821E3 /* PlateTableViewCell.h */,
				BF25ACD11ADA106700E821E3 /* PlateTableViewCell.m */,
				C5B6658E1ADA3F22000B419D /* TabBarViewController.h */,
				C5B6658F1ADA3F22000B419D /* TabBarViewController.m */,
				BF25ACE51ADA300700E821E3 /* NewPlateTableViewController.h */,
				BF25ACE61ADA300700E821E3 /* NewPlateTableViewController.m */,
				BF0DE47B1ADBFCC1007E5C4A /* AboutTableViewController.h */,
				BF0DE47C1ADBFCC1007E5C4A /* AboutTableViewController.m */,
				C5B253931ADD41A1001019B5 /* VideoTableViewController.h */,
				C5B253941ADD41A1001019B5 /* VideoTableViewController.m */,
			);
			name = Controller;
			sourceTree = "<group>";
		};
		C53F71471AD97BCC0050FFD3 /* Frameworks */ = {
			isa = PBXGroup;
			children = (
				C53F719D1AD9B7C60050FFD3 /* UIActivityIndicator-for-SDWebImage */,
				C53F71711AD9B7BD0050FFD3 /* SDWebImage */,
				C53F71631AD9A6980050FFD3 /* libsqlite3.dylib */,
				C53F71611AD9A6910050FFD3 /* libz.dylib */,
				BFB414561AD997A600D2D7BD /* MapKit.framework */,
				C53F715F1AD9A68B0050FFD3 /* SystemConfiguration.framework */,
				C53F715D1AD9A6830050FFD3 /* StoreKit.framework */,
				C53F715B1AD9A6800050FFD3 /* Security.framework */,
				C53F71591AD9A67B0050FFD3 /* QuartzCore.framework */,
				C53F71571AD9A6760050FFD3 /* MobileCoreServices.framework */,
				C53F71551AD9A6680050FFD3 /* CoreLocation.framework */,
				C53F71531AD9A6600050FFD3 /* CoreGraphics.framework */,
				C53F71511AD9A65B0050FFD3 /* CFNetwork.framework */,
				C53F714F1AD9A6570050FFD3 /* AudioToolbox.framework */,
				C53F714D1AD9A5F70050FFD3 /* Bolts.framework */,
				C53F71481AD97BEA0050FFD3 /* Parse.framework */,
			);
			name = Frameworks;
			sourceTree = "<group>";
		};
		C53F71711AD9B7BD0050FFD3 /* SDWebImage */ = {
			isa = PBXGroup;
			children = (
				C53F71721AD9B7BD0050FFD3 /* NSData+ImageContentType.h */,
				C53F71731AD9B7BD0050FFD3 /* NSData+ImageContentType.m */,
				C53F71741AD9B7BD0050FFD3 /* SDImageCache.h */,
				C53F71751AD9B7BD0050FFD3 /* SDImageCache.m */,
				C53F71761AD9B7BD0050FFD3 /* SDWebImageCompat.h */,
				C53F71771AD9B7BD0050FFD3 /* SDWebImageCompat.m */,
				C53F71781AD9B7BD0050FFD3 /* SDWebImageDecoder.h */,
				C53F71791AD9B7BD0050FFD3 /* SDWebImageDecoder.m */,
				C53F717A1AD9B7BD0050FFD3 /* SDWebImageDownloader.h */,
				C53F717B1AD9B7BD0050FFD3 /* SDWebImageDownloader.m */,
				C53F717C1AD9B7BD0050FFD3 /* SDWebImageDownloaderOperation.h */,
				C53F717D1AD9B7BD0050FFD3 /* SDWebImageDownloaderOperation.m */,
				C53F717E1AD9B7BD0050FFD3 /* SDWebImageManager.h */,
				C53F717F1AD9B7BD0050FFD3 /* SDWebImageManager.m */,
				C53F71801AD9B7BD0050FFD3 /* SDWebImageOperation.h */,
				C53F71811AD9B7BD0050FFD3 /* SDWebImagePrefetcher.h */,
				C53F71821AD9B7BD0050FFD3 /* SDWebImagePrefetcher.m */,
				C53F71831AD9B7BD0050FFD3 /* UIButton+WebCache.h */,
				C53F71841AD9B7BD0050FFD3 /* UIButton+WebCache.m */,
				C53F71851AD9B7BD0050FFD3 /* UIImage+GIF.h */,
				C53F71861AD9B7BD0050FFD3 /* UIImage+GIF.m */,
				C53F71871AD9B7BD0050FFD3 /* UIImage+MultiFormat.h */,
				C53F71881AD9B7BD0050FFD3 /* UIImage+MultiFormat.m */,
				C53F71891AD9B7BD0050FFD3 /* UIImageView+HighlightedWebCache.h */,
				C53F718A1AD9B7BD0050FFD3 /* UIImageView+HighlightedWebCache.m */,
				C53F718B1AD9B7BD0050FFD3 /* UIImageView+WebCache.h */,
				C53F718C1AD9B7BD0050FFD3 /* UIImageView+WebCache.m */,
				C53F718D1AD9B7BD0050FFD3 /* UIView+WebCacheOperation.h */,
				C53F718E1AD9B7BD0050FFD3 /* UIView+WebCacheOperation.m */,
			);
			path = SDWebImage;
			sourceTree = "<group>";
		};
		C53F719D1AD9B7C60050FFD3 /* UIActivityIndicator-for-SDWebImage */ = {
			isa = PBXGroup;
			children = (
				C53F71A01AD9B7C60050FFD3 /* UIImageView+UIActivityIndicatorForSDWebImage.h */,
				C53F71A11AD9B7C60050FFD3 /* UIImageView+UIActivityIndicatorForSDWebImage.m */,
			);
			path = "UIActivityIndicator-for-SDWebImage";
			sourceTree = "<group>";
		};
		C5A0A8CF1AD9609500864136 /* CoreData */ = {
			isa = PBXGroup;
			children = (
				80F9AFD61AD942D100DCE8E0 /* Ruim_de_Roda.xcdatamodeld */,
			);
			name = CoreData;
			sourceTree = "<group>";
		};
/* End PBXGroup section */

/* Begin PBXNativeTarget section */
		80F9AFCB1AD942D100DCE8E0 /* Ruim de Roda */ = {
			isa = PBXNativeTarget;
			buildConfigurationList = 80F9AFF21AD942D100DCE8E0 /* Build configuration list for PBXNativeTarget "Ruim de Roda" */;
			buildPhases = (
				80F9AFC81AD942D100DCE8E0 /* Sources */,
				80F9AFC91AD942D100DCE8E0 /* Frameworks */,
				80F9AFCA1AD942D100DCE8E0 /* Resources */,
			);
			buildRules = (
			);
			dependencies = (
			);
			name = "Ruim de Roda";
			productName = "Ruim de Roda";
			productReference = 80F9AFCC1AD942D100DCE8E0 /* Ruim de Roda.app */;
			productType = "com.apple.product-type.application";
		};
		80F9AFE71AD942D100DCE8E0 /* Ruim de RodaTests */ = {
			isa = PBXNativeTarget;
			buildConfigurationList = 80F9AFF51AD942D100DCE8E0 /* Build configuration list for PBXNativeTarget "Ruim de RodaTests" */;
			buildPhases = (
				80F9AFE41AD942D100DCE8E0 /* Sources */,
				80F9AFE51AD942D100DCE8E0 /* Frameworks */,
				80F9AFE61AD942D100DCE8E0 /* Resources */,
			);
			buildRules = (
			);
			dependencies = (
				80F9AFEA1AD942D100DCE8E0 /* PBXTargetDependency */,
			);
			name = "Ruim de RodaTests";
			productName = "Ruim de RodaTests";
			productReference = 80F9AFE81AD942D100DCE8E0 /* Ruim de RodaTests.xctest */;
			productType = "com.apple.product-type.bundle.unit-test";
		};
/* End PBXNativeTarget section */

/* Begin PBXProject section */
		80F9AFC41AD942D100DCE8E0 /* Project object */ = {
			isa = PBXProject;
			attributes = {
				LastUpgradeCheck = 0620;
				ORGANIZATIONNAME = "Ruim de Roda";
				TargetAttributes = {
					80F9AFCB1AD942D100DCE8E0 = {
						CreatedOnToolsVersion = 6.2;
						DevelopmentTeam = DNPZJLD62G;
					};
					80F9AFE71AD942D100DCE8E0 = {
						CreatedOnToolsVersion = 6.2;
						TestTargetID = 80F9AFCB1AD942D100DCE8E0;
					};
				};
			};
			buildConfigurationList = 80F9AFC71AD942D100DCE8E0 /* Build configuration list for PBXProject "Ruim de Roda" */;
			compatibilityVersion = "Xcode 3.2";
			developmentRegion = English;
			hasScannedForEncodings = 0;
			knownRegions = (
				en,
				Base,
			);
			mainGroup = 80F9AFC31AD942D100DCE8E0;
			productRefGroup = 80F9AFCD1AD942D100DCE8E0 /* Products */;
			projectDirPath = "";
			projectRoot = "";
			targets = (
				80F9AFCB1AD942D100DCE8E0 /* Ruim de Roda */,
				80F9AFE71AD942D100DCE8E0 /* Ruim de RodaTests */,
			);
		};
/* End PBXProject section */

/* Begin PBXResourcesBuildPhase section */
		80F9AFCA1AD942D100DCE8E0 /* Resources */ = {
			isa = PBXResourcesBuildPhase;
			buildActionMask = 2147483647;
			files = (
				8088C17C1AD9DB5F00E092C7 /* PatrickHand.ttf in Resources */,
				80F9AFDE1AD942D100DCE8E0 /* Main.storyboard in Resources */,
				80F9AFE31AD942D100DCE8E0 /* LaunchScreen.xib in Resources */,
				80F9AFE01AD942D100DCE8E0 /* Images.xcassets in Resources */,
			);
			runOnlyForDeploymentPostprocessing = 0;
		};
		80F9AFE61AD942D100DCE8E0 /* Resources */ = {
			isa = PBXResourcesBuildPhase;
			buildActionMask = 2147483647;
			files = (
			);
			runOnlyForDeploymentPostprocessing = 0;
		};
/* End PBXResourcesBuildPhase section */

/* Begin PBXSourcesBuildPhase section */
		80F9AFC81AD942D100DCE8E0 /* Sources */ = {
			isa = PBXSourcesBuildPhase;
			buildActionMask = 2147483647;
			files = (
				BF5F7BEB1ADE8B39008E2E68 /* Inappropriate.m in Sources */,
				C53F719A1AD9B7BD0050FFD3 /* UIImageView+HighlightedWebCache.m in Sources */,
				BFB4145A1AD9C54100D2D7BD /* CategoryTableViewCell.m in Sources */,
				BF25ACDB1ADA157D00E821E3 /* UserManager.m in Sources */,
				80F9AFD51AD942D100DCE8E0 /* AppDelegate.m in Sources */,
				C53F719B1AD9B7BD0050FFD3 /* UIImageView+WebCache.m in Sources */,
				C5A0A8D81AD96D8500864136 /* Report.m in Sources */,
				BFCB0A5F1AD9EB2F00E00A9F /* SearchTableViewCell.m in Sources */,
				BFCB0A5C1AD9EA7A00E00A9F /* SearchViewController.m in Sources */,
				BF25ACDE1ADA261500E821E3 /* Plate.m in Sources */,
				BF25ACE11ADA263000E821E3 /* PlateManager.m in Sources */,
				C5A0A8D21AD96B0900864136 /* FeedViewController.m in Sources */,
				C53F71961AD9B7BD0050FFD3 /* SDWebImagePrefetcher.m in Sources */,
				C53F71951AD9B7BD0050FFD3 /* SDWebImageManager.m in Sources */,
				BFB4145D1AD9C5CD00D2D7BD /* CategoryViewController.m in Sources */,
				C53F71441AD972E10050FFD3 /* CategoryReportManager.m in Sources */,
				BF25ACD21ADA106700E821E3 /* PlateTableViewCell.m in Sources */,
				BFB4144F1AD9692200D2D7BD /* CameraViewController.m in Sources */,
				C53F71911AD9B7BD0050FFD3 /* SDWebImageCompat.m in Sources */,
				BFB414551AD98FDA00D2D7BD /* ReportViewController.m in Sources */,
				BFB414521AD96F3400D2D7BD /* CameraView.m in Sources */,
				80F9AFD81AD942D100DCE8E0 /* Ruim_de_Roda.xcdatamodeld in Sources */,
				C53F71921AD9B7BD0050FFD3 /* SDWebImageDecoder.m in Sources */,
				C53F71A41AD9B7C60050FFD3 /* UIImageView+UIActivityIndicatorForSDWebImage.m in Sources */,
				C53F719C1AD9B7BD0050FFD3 /* UIView+WebCacheOperation.m in Sources */,
				C53F71991AD9B7BD0050FFD3 /* UIImage+MultiFormat.m in Sources */,
				C53F71941AD9B7BD0050FFD3 /* SDWebImageDownloaderOperation.m in Sources */,
				C53F71931AD9B7BD0050FFD3 /* SDWebImageDownloader.m in Sources */,
				BF25ACD81ADA156A00E821E3 /* User.m in Sources */,
				C53F71981AD9B7BD0050FFD3 /* UIImage+GIF.m in Sources */,
				C53F713E1AD9718A0050FFD3 /* CategoryReport.m in Sources */,
				C53F714C1AD9A1FA0050FFD3 /* FeedTableViewCell.m in Sources */,
				BF0DE47D1ADBFCC1007E5C4A /* AboutTableViewController.m in Sources */,
				C53F71411AD972CA0050FFD3 /* ReportManager.m in Sources */,
				BF25ACD51ADA107B00E821E3 /* PlateViewController.m in Sources */,
				BF0DE4831ADDE6C6007E5C4A /* Reachability.m in Sources */,
				C5B665901ADA3F22000B419D /* TabBarViewController.m in Sources */,
				80F9AFD21AD942D100DCE8E0 /* main.m in Sources */,
				C53F71901AD9B7BD0050FFD3 /* SDImageCache.m in Sources */,
				C5B665931ADA415A000B419D /* PushNotifications.m in Sources */,
				C5B6658D1ADA0E77000B419D /* MapAnnotation.m in Sources */,
				C5B253951ADD41A1001019B5 /* VideoTableViewController.m in Sources */,
				BF25ACE71ADA300700E821E3 /* NewPlateTableViewController.m in Sources */,
				C53F71971AD9B7BD0050FFD3 /* UIButton+WebCache.m in Sources */,
				C53F718F1AD9B7BD0050FFD3 /* NSData+ImageContentType.m in Sources */,
				C5A0A8D51AD96B3000864136 /* DetailViewController.m in Sources */,
			);
			runOnlyForDeploymentPostprocessing = 0;
		};
		80F9AFE41AD942D100DCE8E0 /* Sources */ = {
			isa = PBXSourcesBuildPhase;
			buildActionMask = 2147483647;
			files = (
				80F9AFEF1AD942D100DCE8E0 /* Ruim_de_RodaTests.m in Sources */,
			);
			runOnlyForDeploymentPostprocessing = 0;
		};
/* End PBXSourcesBuildPhase section */

/* Begin PBXTargetDependency section */
		80F9AFEA1AD942D100DCE8E0 /* PBXTargetDependency */ = {
			isa = PBXTargetDependency;
			target = 80F9AFCB1AD942D100DCE8E0 /* Ruim de Roda */;
			targetProxy = 80F9AFE91AD942D100DCE8E0 /* PBXContainerItemProxy */;
		};
/* End PBXTargetDependency section */

/* Begin PBXVariantGroup section */
		80F9AFDC1AD942D100DCE8E0 /* Main.storyboard */ = {
			isa = PBXVariantGroup;
			children = (
				80F9AFDD1AD942D100DCE8E0 /* Base */,
			);
			name = Main.storyboard;
			sourceTree = "<group>";
		};
		80F9AFE11AD942D100DCE8E0 /* LaunchScreen.xib */ = {
			isa = PBXVariantGroup;
			children = (
				80F9AFE21AD942D100DCE8E0 /* Base */,
			);
			name = LaunchScreen.xib;
			sourceTree = "<group>";
		};
/* End PBXVariantGroup section */

/* Begin XCBuildConfiguration section */
		80F9AFF01AD942D100DCE8E0 /* Debug */ = {
			isa = XCBuildConfiguration;
			buildSettings = {
				ALWAYS_SEARCH_USER_PATHS = NO;
				CLANG_CXX_LANGUAGE_STANDARD = "gnu++0x";
				CLANG_CXX_LIBRARY = "libc++";
				CLANG_ENABLE_MODULES = YES;
				CLANG_ENABLE_OBJC_ARC = YES;
				CLANG_WARN_BOOL_CONVERSION = YES;
				CLANG_WARN_CONSTANT_CONVERSION = YES;
				CLANG_WARN_DIRECT_OBJC_ISA_USAGE = YES_ERROR;
				CLANG_WARN_EMPTY_BODY = YES;
				CLANG_WARN_ENUM_CONVERSION = YES;
				CLANG_WARN_INT_CONVERSION = YES;
				CLANG_WARN_OBJC_ROOT_CLASS = YES_ERROR;
				CLANG_WARN_UNREACHABLE_CODE = YES;
				CLANG_WARN__DUPLICATE_METHOD_MATCH = YES;
				CODE_SIGN_IDENTITY = "iPhone Developer: Henrique Velloso (RHC38265VH)";
				"CODE_SIGN_IDENTITY[sdk=iphoneos*]" = "iPhone Developer: Henrique Velloso (RHC38265VH)";
				COPY_PHASE_STRIP = NO;
				ENABLE_STRICT_OBJC_MSGSEND = YES;
				GCC_C_LANGUAGE_STANDARD = gnu99;
				GCC_DYNAMIC_NO_PIC = NO;
				GCC_OPTIMIZATION_LEVEL = 0;
				GCC_PREPROCESSOR_DEFINITIONS = (
					"DEBUG=1",
					"$(inherited)",
				);
				GCC_SYMBOLS_PRIVATE_EXTERN = NO;
				GCC_WARN_64_TO_32_BIT_CONVERSION = YES;
				GCC_WARN_ABOUT_RETURN_TYPE = YES_ERROR;
				GCC_WARN_UNDECLARED_SELECTOR = YES;
				GCC_WARN_UNINITIALIZED_AUTOS = YES_AGGRESSIVE;
				GCC_WARN_UNUSED_FUNCTION = YES;
				GCC_WARN_UNUSED_VARIABLE = YES;
				IPHONEOS_DEPLOYMENT_TARGET = 8.2;
				MTL_ENABLE_DEBUG_INFO = YES;
				ONLY_ACTIVE_ARCH = YES;
				PROVISIONING_PROFILE = "395e13f9-ef76-4da4-94a6-3930f50336af";
				SDKROOT = iphoneos;
			};
			name = Debug;
		};
		80F9AFF11AD942D100DCE8E0 /* Release */ = {
			isa = XCBuildConfiguration;
			buildSettings = {
				ALWAYS_SEARCH_USER_PATHS = NO;
				CLANG_CXX_LANGUAGE_STANDARD = "gnu++0x";
				CLANG_CXX_LIBRARY = "libc++";
				CLANG_ENABLE_MODULES = YES;
				CLANG_ENABLE_OBJC_ARC = YES;
				CLANG_WARN_BOOL_CONVERSION = YES;
				CLANG_WARN_CONSTANT_CONVERSION = YES;
				CLANG_WARN_DIRECT_OBJC_ISA_USAGE = YES_ERROR;
				CLANG_WARN_EMPTY_BODY = YES;
				CLANG_WARN_ENUM_CONVERSION = YES;
				CLANG_WARN_INT_CONVERSION = YES;
				CLANG_WARN_OBJC_ROOT_CLASS = YES_ERROR;
				CLANG_WARN_UNREACHABLE_CODE = YES;
				CLANG_WARN__DUPLICATE_METHOD_MATCH = YES;
				CODE_SIGN_IDENTITY = "iPhone Developer: Henrique Velloso (RHC38265VH)";
				"CODE_SIGN_IDENTITY[sdk=iphoneos*]" = "iPhone Developer: Henrique Velloso (RHC38265VH)";
				COPY_PHASE_STRIP = NO;
				ENABLE_NS_ASSERTIONS = NO;
				ENABLE_STRICT_OBJC_MSGSEND = YES;
				GCC_C_LANGUAGE_STANDARD = gnu99;
				GCC_WARN_64_TO_32_BIT_CONVERSION = YES;
				GCC_WARN_ABOUT_RETURN_TYPE = YES_ERROR;
				GCC_WARN_UNDECLARED_SELECTOR = YES;
				GCC_WARN_UNINITIALIZED_AUTOS = YES_AGGRESSIVE;
				GCC_WARN_UNUSED_FUNCTION = YES;
				GCC_WARN_UNUSED_VARIABLE = YES;
				IPHONEOS_DEPLOYMENT_TARGET = 8.2;
				MTL_ENABLE_DEBUG_INFO = NO;
				PROVISIONING_PROFILE = "395e13f9-ef76-4da4-94a6-3930f50336af";
				SDKROOT = iphoneos;
				VALIDATE_PRODUCT = YES;
			};
			name = Release;
		};
		80F9AFF31AD942D100DCE8E0 /* Debug */ = {
			isa = XCBuildConfiguration;
			buildSettings = {
				ASSETCATALOG_COMPILER_APPICON_NAME = AppIcon;
				CODE_SIGN_IDENTITY = "iPhone Developer";
				FRAMEWORK_SEARCH_PATHS = (
					"$(inherited)",
					"/Users/HenriqueVelloso/Downloads/parse-library-1-2",
					"$(PROJECT_DIR)",
				);
				INFOPLIST_FILE = "Ruim de Roda/Info.plist";
				IPHONEOS_DEPLOYMENT_TARGET = 8.0;
				LD_RUNPATH_SEARCH_PATHS = "$(inherited) @executable_path/Frameworks";
				PRODUCT_NAME = "$(TARGET_NAME)";
				PROVISIONING_PROFILE = "395e13f9-ef76-4da4-94a6-3930f50336af";
			};
			name = Debug;
		};
		80F9AFF41AD942D100DCE8E0 /* Release */ = {
			isa = XCBuildConfiguration;
			buildSettings = {
				ASSETCATALOG_COMPILER_APPICON_NAME = AppIcon;
				CODE_SIGN_IDENTITY = "iPhone Developer";
				FRAMEWORK_SEARCH_PATHS = (
					"$(inherited)",
					"/Users/HenriqueVelloso/Downloads/parse-library-1-2",
					"$(PROJECT_DIR)",
				);
				INFOPLIST_FILE = "Ruim de Roda/Info.plist";
				IPHONEOS_DEPLOYMENT_TARGET = 8.0;
				LD_RUNPATH_SEARCH_PATHS = "$(inherited) @executable_path/Frameworks";
				PRODUCT_NAME = "$(TARGET_NAME)";
				PROVISIONING_PROFILE = "395e13f9-ef76-4da4-94a6-3930f50336af";
			};
			name = Release;
		};
		80F9AFF61AD942D100DCE8E0 /* Debug */ = {
			isa = XCBuildConfiguration;
			buildSettings = {
				BUNDLE_LOADER = "$(TEST_HOST)";
				CODE_SIGN_IDENTITY = "";
				"CODE_SIGN_IDENTITY[sdk=iphoneos*]" = "iPhone Developer";
				FRAMEWORK_SEARCH_PATHS = (
					"$(SDKROOT)/Developer/Library/Frameworks",
					"$(inherited)",
				);
				GCC_PREPROCESSOR_DEFINITIONS = (
					"DEBUG=1",
					"$(inherited)",
				);
				INFOPLIST_FILE = "Ruim de RodaTests/Info.plist";
				LD_RUNPATH_SEARCH_PATHS = "$(inherited) @executable_path/Frameworks @loader_path/Frameworks";
				PRODUCT_NAME = "$(TARGET_NAME)";
				PROVISIONING_PROFILE = "";
				TEST_HOST = "$(BUILT_PRODUCTS_DIR)/Ruim de Roda.app/Ruim de Roda";
			};
			name = Debug;
		};
		80F9AFF71AD942D100DCE8E0 /* Release */ = {
			isa = XCBuildConfiguration;
			buildSettings = {
				BUNDLE_LOADER = "$(TEST_HOST)";
				CODE_SIGN_IDENTITY = "iPhone Developer";
				FRAMEWORK_SEARCH_PATHS = (
					"$(SDKROOT)/Developer/Library/Frameworks",
					"$(inherited)",
				);
				INFOPLIST_FILE = "Ruim de RodaTests/Info.plist";
				LD_RUNPATH_SEARCH_PATHS = "$(inherited) @executable_path/Frameworks @loader_path/Frameworks";
				PRODUCT_NAME = "$(TARGET_NAME)";
				PROVISIONING_PROFILE = "";
				TEST_HOST = "$(BUILT_PRODUCTS_DIR)/Ruim de Roda.app/Ruim de Roda";
			};
			name = Release;
		};
/* End XCBuildConfiguration section */

/* Begin XCConfigurationList section */
		80F9AFC71AD942D100DCE8E0 /* Build configuration list for PBXProject "Ruim de Roda" */ = {
			isa = XCConfigurationList;
			buildConfigurations = (
				80F9AFF01AD942D100DCE8E0 /* Debug */,
				80F9AFF11AD942D100DCE8E0 /* Release */,
			);
			defaultConfigurationIsVisible = 0;
			defaultConfigurationName = Release;
		};
		80F9AFF21AD942D100DCE8E0 /* Build configuration list for PBXNativeTarget "Ruim de Roda" */ = {
			isa = XCConfigurationList;
			buildConfigurations = (
				80F9AFF31AD942D100DCE8E0 /* Debug */,
				80F9AFF41AD942D100DCE8E0 /* Release */,
			);
			defaultConfigurationIsVisible = 0;
			defaultConfigurationName = Release;
		};
		80F9AFF51AD942D100DCE8E0 /* Build configuration list for PBXNativeTarget "Ruim de RodaTests" */ = {
			isa = XCConfigurationList;
			buildConfigurations = (
				80F9AFF61AD942D100DCE8E0 /* Debug */,
				80F9AFF71AD942D100DCE8E0 /* Release */,
			);
			defaultConfigurationIsVisible = 0;
			defaultConfigurationName = Release;
		};
/* End XCConfigurationList section */

/* Begin XCVersionGroup section */
		80F9AFD61AD942D100DCE8E0 /* Ruim_de_Roda.xcdatamodeld */ = {
			isa = XCVersionGroup;
			children = (
				80F9AFD71AD942D100DCE8E0 /* Ruim_de_Roda.xcdatamodel */,
			);
			currentVersion = 80F9AFD71AD942D100DCE8E0 /* Ruim_de_Roda.xcdatamodel */;
			path = Ruim_de_Roda.xcdatamodeld;
			sourceTree = "<group>";
			versionGroupType = wrapper.xcdatamodel;
		};
/* End XCVersionGroup section */
	};
	rootObject = 80F9AFC41AD942D100DCE8E0 /* Project object */;
}
